{
  "name": "itchrandomizer",
  "version": "1.0.0",
  "lockfileVersion": 1,
  "requires": true,
  "dependencies": {
    "esprima": {
      "version": "1.0.4",
      "resolved": "https://registry.npmjs.org/esprima/-/esprima-1.0.4.tgz",
      "integrity": "sha1-n1V+CPw7TSbs6d00+Pv0drYlha0="
    },
    "json-literal": {
      "version": "1.1.0",
      "resolved": "https://registry.npmjs.org/json-literal/-/json-literal-1.1.0.tgz",
      "integrity": "sha1-YL1PxgHBQIgUki0uQqxPI9pldAY=",
      "requires": {
        "esprima": "~1.0.3",
        "type-of": "~2.0.0"
      }
    },
    "type-of": {
      "version": "2.0.1",
      "resolved": "https://registry.npmjs.org/type-of/-/type-of-2.0.1.tgz",
      "integrity": "sha1-5yoXQYllaOn2KDeNgW1pEvfyOXI="
    }
  }
}
